{
    "_readme": [
        "This file locks the dependencies of your project to a known state",
        "Read more about it at https://getcomposer.org/doc/01-basic-usage.md#composer-lock-the-lock-file",
        "This file is @generated automatically"
    ],
    "hash": "548c12094aea8acf3ed6acf5345b95c6",
    "content-hash": "ac29040d1e2edda12c4859042b73652a",
    "packages": [
        {
            "name": "linecorp/line-bot-sdk",
            "version": "1.3.0",
            "source": {
                "type": "git",
                "url": "https://github.com/line/line-bot-sdk-php.git",
                "reference": "d1bfe38165db5c48997e566b659b7083737c8c38"
            },
            "dist": {
                "type": "zip",
                "url": "https://api.github.com/repos/line/line-bot-sdk-php/zipball/d1bfe38165db5c48997e566b659b7083737c8c38",
                "reference": "d1bfe38165db5c48997e566b659b7083737c8c38",
                "shasum": ""
            },
            "require": {
                "php": ">=5.6"
            },
            "require-dev": {
                "apigen/apigen": "~4.1",
                "phpmd/phpmd": "~2.4",
                "phpunit/phpunit": "^4.8.24",
                "squizlabs/php_codesniffer": "~2.6"
            },
            "type": "library",
            "autoload": {
                "psr-4": {
                    "LINE\\": "src/"
                }
            },
            "notification-url": "https://packagist.org/downloads/",
            "license": [
                "Apache License Version 2.0"
            ],
            "authors": [
                {
                    "name": "moznion",
                    "email": "moznion@gmail.com"
                },
                {
                    "name": "Satoru Yoshihara",
                    "email": "vaduz0@gmail.com"
                }
            ],
            "description": "SDK of the LINE BOT API for PHP",
            "homepage": "https://github.com/line/line-bot-sdk-php",
            "keywords": [
                "bot",
                "line",
                "sdk"
            ],
            "time": "2016-11-26 08:55:58"
        },
        {
            "name": "memcachier/php-memcache-sasl",
            "version": "1.0.3",
            "source": {
                "type": "git",
                "url": "https://github.com/memcachier/PHPMemcacheSASL.git",
                "reference": "9b71d0d16fa8dd3f2f5fab98726963b46123ac9d"
            },
            "dist": {
                "type": "zip",
                "url": "https://api.github.com/repos/memcachier/PHPMemcacheSASL/zipball/9b71d0d16fa8dd3f2f5fab98726963b46123ac9d",
                "reference": "9b71d0d16fa8dd3f2f5fab98726963b46123ac9d",
                "shasum": ""
            },
            "require": {
                "php": ">=5.3.0"
            },
            "type": "library",
            "autoload": {
                "psr-4": {
                    "MemCachier\\": "src/MemCachier"
                }
            },
            "notification-url": "https://packagist.org/downloads/",
            "license": [
                "MIT"
            ],
            "authors": [
                {
                    "name": "MemCachier Inc",
                    "email": "code@memcachier.com",
                    "homepage": "https://www.memcachier.com/"
                },
                {
                    "name": "Ronny Wang",
                    "email": "ronnywang@gmail.com",
                    "homepage": "http://ronnywang.pixnet.net/blog"
                }
            ],
            "description": "A PHP Memcache client with binary protocol and SASL support",
            "homepage": "https://github.com/memcachier/PHPMemcacheSASL",
            "keywords": [
                "binary",
                "cache",
                "memcache",
                "sasl"
            ],
            "time": "2015-06-04 19:44:27"
        }
    ],
    "packages-dev": [],
    "aliases": [],
    "minimum-stability": "stable",
    "stability-flags": [],
    "prefer-stable": false,
    "prefer-lowest": false,
    "platform": {
        "ext-memcached": "3.0.8"
    },
    "platform-dev": []
}
